
Microsoft Visual Studio Solution File, Format Version 12.00
# Visual Studio Version 17
VisualStudioVersion = 17.8.34525.116
MinimumVisualStudioVersion = 10.0.40219.1
Project("{FAE04EC0-301F-11D3-BF4B-00C04F79EFBC}") = "ConsoleApp2", "ConsoleApp2\ConsoleApp2.csproj", "{453127BA-7E10-4A64-B11F-D1DFE78F3E1B}"
EndProject
Global
	GlobalSection(SolutionConfigurationPlatforms) = preSolution
		Debug|Any CPU = Debug|Any CPU
		Release|Any CPU = Release|Any CPU
	EndGlobalSection
	GlobalSection(ProjectConfigurationPlatforms) = postSolution
		{453127BA-7E10-4A64-B11F-D1DFE78F3E1B}.Debug|Any CPU.ActiveCfg = Debug|Any CPU
		{453127BA-7E10-4A64-B11F-D1DFE78F3E1B}.Debug|Any CPU.Build.0 = Debug|Any CPU
		{453127BA-7E10-4A64-B11F-D1DFE78F3E1B}.Release|Any CPU.ActiveCfg = Release|Any CPU
		{453127BA-7E10-4A64-B11F-D1DFE78F3E1B}.Release|Any CPU.Build.0 = Release|Any CPU
	EndGlobalSection
	GlobalSection(SolutionProperties) = preSolution
		HideSolutionNode = FALSE
	EndGlobalSection
	GlobalSection(ExtensibilityGlobals) = postSolution
		SolutionGuid = {95612B04-3366-4EEE-B2DB-F47D6D561A39}
	EndGlobalSection
EndGlobal
