
Microsoft Visual Studio Solution File, Format Version 12.00
# Visual Studio Version 17
VisualStudioVersion = 17.8.34525.116
MinimumVisualStudioVersion = 10.0.40219.1
Project("{FAE04EC0-301F-11D3-BF4B-00C04F79EFBC}") = "WinFormsApp2", "WinFormsApp2\WinFormsApp2.csproj", "{CEC7766D-53D5-497F-82C4-6A3EAD9D41A2}"
EndProject
Global
	GlobalSection(SolutionConfigurationPlatforms) = preSolution
		Debug|Any CPU = Debug|Any CPU
		Release|Any CPU = Release|Any CPU
	EndGlobalSection
	GlobalSection(ProjectConfigurationPlatforms) = postSolution
		{CEC7766D-53D5-497F-82C4-6A3EAD9D41A2}.Debug|Any CPU.ActiveCfg = Debug|Any CPU
		{CEC7766D-53D5-497F-82C4-6A3EAD9D41A2}.Debug|Any CPU.Build.0 = Debug|Any CPU
		{CEC7766D-53D5-497F-82C4-6A3EAD9D41A2}.Release|Any CPU.ActiveCfg = Release|Any CPU
		{CEC7766D-53D5-497F-82C4-6A3EAD9D41A2}.Release|Any CPU.Build.0 = Release|Any CPU
	EndGlobalSection
	GlobalSection(SolutionProperties) = preSolution
		HideSolutionNode = FALSE
	EndGlobalSection
	GlobalSection(ExtensibilityGlobals) = postSolution
		SolutionGuid = {AA62C0B7-7530-4C04-99C2-B06F6860355D}
	EndGlobalSection
EndGlobal
